// !$*UTF8*$!
{
	archiveVersion = 1;
	classes = {
	};
	objectVersion = 50;
	objects = {

/* Begin PBXBuildFile section */
		354D2D4620CA56F20098EBA7 /* AppDelegate.swift in Sources */ = {isa = PBXBuildFile; fileRef = 354D2D4520CA56F20098EBA7 /* AppDelegate.swift */; };
		354D2D4820CA56F20098EBA7 /* ViewController.swift in Sources */ = {isa = PBXBuildFile; fileRef = 354D2D4720CA56F20098EBA7 /* ViewController.swift */; };
		354D2D4B20CA56F20098EBA7 /* Main.storyboard in Resources */ = {isa = PBXBuildFile; fileRef = 354D2D4920CA56F20098EBA7 /* Main.storyboard */; };
		354D2D4D20CA56F40098EBA7 /* Assets.xcassets in Resources */ = {isa = PBXBuildFile; fileRef = 354D2D4C20CA56F40098EBA7 /* Assets.xcassets */; };
		354D2D5020CA56F40098EBA7 /* LaunchScreen.storyboard in Resources */ = {isa = PBXBuildFile; fileRef = 354D2D4E20CA56F40098EBA7 /* LaunchScreen.storyboard */; };
		354D2D5B20CA56F40098EBA7 /* airbnbcalendarTests.swift in Sources */ = {isa = PBXBuildFile; fileRef = 354D2D5A20CA56F40098EBA7 /* airbnbcalendarTests.swift */; };
		354D2D7320CA57B90098EBA7 /* ptcalendar.framework in Frameworks */ = {isa = PBXBuildFile; fileRef = 354D2D6A20CA57B90098EBA7 /* ptcalendar.framework */; };
		354D2D7A20CA57B90098EBA7 /* ptcalendarTests.swift in Sources */ = {isa = PBXBuildFile; fileRef = 354D2D7920CA57B90098EBA7 /* ptcalendarTests.swift */; };
		354D2D7C20CA57B90098EBA7 /* ptcalendar.h in Headers */ = {isa = PBXBuildFile; fileRef = 354D2D6C20CA57B90098EBA7 /* ptcalendar.h */; settings = {ATTRIBUTES = (Public, ); }; };
		354D2D7F20CA57B90098EBA7 /* ptcalendar.framework in Frameworks */ = {isa = PBXBuildFile; fileRef = 354D2D6A20CA57B90098EBA7 /* ptcalendar.framework */; };
		354D2D8020CA57B90098EBA7 /* ptcalendar.framework in Embed Frameworks */ = {isa = PBXBuildFile; fileRef = 354D2D6A20CA57B90098EBA7 /* ptcalendar.framework */; settings = {ATTRIBUTES = (CodeSignOnCopy, RemoveHeadersOnCopy, ); }; };
		354D2D8B20CA5AAE0098EBA7 /* CalendarView.swift in Sources */ = {isa = PBXBuildFile; fileRef = 354D2D8A20CA5AAE0098EBA7 /* CalendarView.swift */; };
		354D2D8D20CA5ABD0098EBA7 /* CalendarView.xib in Resources */ = {isa = PBXBuildFile; fileRef = 354D2D8C20CA5ABD0098EBA7 /* CalendarView.xib */; };
		354D2D9020CA6AA90098EBA7 /* CalendarDayCollectionViewCell.swift in Sources */ = {isa = PBXBuildFile; fileRef = 354D2D8E20CA6AA90098EBA7 /* CalendarDayCollectionViewCell.swift */; };
		354D2D9120CA6AA90098EBA7 /* CalendarDayCollectionViewCell.xib in Resources */ = {isa = PBXBuildFile; fileRef = 354D2D8F20CA6AA90098EBA7 /* CalendarDayCollectionViewCell.xib */; };
		354D2D9420CD87F10098EBA7 /* MonthHeaderCollectionReusableView.swift in Sources */ = {isa = PBXBuildFile; fileRef = 354D2D9220CD87F10098EBA7 /* MonthHeaderCollectionReusableView.swift */; };
		354D2D9520CD87F10098EBA7 /* MonthHeaderCollectionReusableView.xib in Resources */ = {isa = PBXBuildFile; fileRef = 354D2D9320CD87F10098EBA7 /* MonthHeaderCollectionReusableView.xib */; };
		354D2D9720CDA99F0098EBA7 /* Extensions.swift in Sources */ = {isa = PBXBuildFile; fileRef = 354D2D9620CDA99F0098EBA7 /* Extensions.swift */; };
/* End PBXBuildFile section */

/* Begin PBXContainerItemProxy section */
		354D2D5720CA56F40098EBA7 /* PBXContainerItemProxy */ = {
			isa = PBXContainerItemProxy;
			containerPortal = 354D2D3A20CA56F20098EBA7 /* Project object */;
			proxyType = 1;
			remoteGlobalIDString = 354D2D4120CA56F20098EBA7;
			remoteInfo = airbnbcalendar;
		};
		354D2D7420CA57B90098EBA7 /* PBXContainerItemProxy */ = {
			isa = PBXContainerItemProxy;
			containerPortal = 354D2D3A20CA56F20098EBA7 /* Project object */;
			proxyType = 1;
			remoteGlobalIDString = 354D2D6920CA57B90098EBA7;
			remoteInfo = ptcalendar;
		};
		354D2D7620CA57B90098EBA7 /* PBXContainerItemProxy */ = {
			isa = PBXContainerItemProxy;
			containerPortal = 354D2D3A20CA56F20098EBA7 /* Project object */;
			proxyType = 1;
			remoteGlobalIDString = 354D2D4120CA56F20098EBA7;
			remoteInfo = airbnbcalendar;
		};
		354D2D7D20CA57B90098EBA7 /* PBXContainerItemProxy */ = {
			isa = PBXContainerItemProxy;
			containerPortal = 354D2D3A20CA56F20098EBA7 /* Project object */;
			proxyType = 1;
			remoteGlobalIDString = 354D2D6920CA57B90098EBA7;
			remoteInfo = ptcalendar;
		};
/* End PBXContainerItemProxy section */

/* Begin PBXCopyFilesBuildPhase section */
		354D2D8420CA57B90098EBA7 /* Embed Frameworks */ = {
			isa = PBXCopyFilesBuildPhase;
			buildActionMask = 2147483647;
			dstPath = "";
			dstSubfolderSpec = 10;
			files = (
				354D2D8020CA57B90098EBA7 /* ptcalendar.framework in Embed Frameworks */,
			);
			name = "Embed Frameworks";
			runOnlyForDeploymentPostprocessing = 0;
		};
/* End PBXCopyFilesBuildPhase section */

/* Begin PBXFileReference section */
		354D2D4220CA56F20098EBA7 /* airbnbcalendar.app */ = {isa = PBXFileReference; explicitFileType = wrapper.application; includeInIndex = 0; path = airbnbcalendar.app; sourceTree = BUILT_PRODUCTS_DIR; };
		354D2D4520CA56F20098EBA7 /* AppDelegate.swift */ = {isa = PBXFileReference; lastKnownFileType = sourcecode.swift; path = AppDelegate.swift; sourceTree = "<group>"; };
		354D2D4720CA56F20098EBA7 /* ViewController.swift */ = {isa = PBXFileReference; lastKnownFileType = sourcecode.swift; path = ViewController.swift; sourceTree = "<group>"; };
		354D2D4A20CA56F20098EBA7 /* Base */ = {isa = PBXFileReference; lastKnownFileType = file.storyboard; name = Base; path = Base.lproj/Main.storyboard; sourceTree = "<group>"; };
		354D2D4C20CA56F40098EBA7 /* Assets.xcassets */ = {isa = PBXFileReference; lastKnownFileType = folder.assetcatalog; path = Assets.xcassets; sourceTree = "<group>"; };
		354D2D4F20CA56F40098EBA7 /* Base */ = {isa = PBXFileReference; lastKnownFileType = file.storyboard; name = Base; path = Base.lproj/LaunchScreen.storyboard; sourceTree = "<group>"; };
		354D2D5120CA56F40098EBA7 /* Info.plist */ = {isa = PBXFileReference; lastKnownFileType = text.plist.xml; path = Info.plist; sourceTree = "<group>"; };
		354D2D5620CA56F40098EBA7 /* airbnbcalendarTests.xctest */ = {isa = PBXFileReference; explicitFileType = wrapper.cfbundle; includeInIndex = 0; path = airbnbcalendarTests.xctest; sourceTree = BUILT_PRODUCTS_DIR; };
		354D2D5A20CA56F40098EBA7 /* airbnbcalendarTests.swift */ = {isa = PBXFileReference; lastKnownFileType = sourcecode.swift; path = airbnbcalendarTests.swift; sourceTree = "<group>"; };
		354D2D5C20CA56F40098EBA7 /* Info.plist */ = {isa = PBXFileReference; lastKnownFileType = text.plist.xml; path = Info.plist; sourceTree = "<group>"; };
		354D2D6A20CA57B90098EBA7 /* ptcalendar.framework */ = {isa = PBXFileReference; explicitFileType = wrapper.framework; includeInIndex = 0; path = ptcalendar.framework; sourceTree = BUILT_PRODUCTS_DIR; };
		354D2D6C20CA57B90098EBA7 /* ptcalendar.h */ = {isa = PBXFileReference; lastKnownFileType = sourcecode.c.h; path = ptcalendar.h; sourceTree = "<group>"; };
		354D2D6D20CA57B90098EBA7 /* Info.plist */ = {isa = PBXFileReference; lastKnownFileType = text.plist.xml; path = Info.plist; sourceTree = "<group>"; };
		354D2D7220CA57B90098EBA7 /* ptcalendarTests.xctest */ = {isa = PBXFileReference; explicitFileType = wrapper.cfbundle; includeInIndex = 0; path = ptcalendarTests.xctest; sourceTree = BUILT_PRODUCTS_DIR; };
		354D2D7920CA57B90098EBA7 /* ptcalendarTests.swift */ = {isa = PBXFileReference; lastKnownFileType = sourcecode.swift; path = ptcalendarTests.swift; sourceTree = "<group>"; };
		354D2D7B20CA57B90098EBA7 /* Info.plist */ = {isa = PBXFileReference; lastKnownFileType = text.plist.xml; path = Info.plist; sourceTree = "<group>"; };
		354D2D8A20CA5AAE0098EBA7 /* CalendarView.swift */ = {isa = PBXFileReference; lastKnownFileType = sourcecode.swift; path = CalendarView.swift; sourceTree = "<group>"; };
		354D2D8C20CA5ABD0098EBA7 /* CalendarView.xib */ = {isa = PBXFileReference; lastKnownFileType = file.xib; path = CalendarView.xib; sourceTree = "<group>"; };
		354D2D8E20CA6AA90098EBA7 /* CalendarDayCollectionViewCell.swift */ = {isa = PBXFileReference; lastKnownFileType = sourcecode.swift; path = CalendarDayCollectionViewCell.swift; sourceTree = "<group>"; };
		354D2D8F20CA6AA90098EBA7 /* CalendarDayCollectionViewCell.xib */ = {isa = PBXFileReference; lastKnownFileType = file.xib; path = CalendarDayCollectionViewCell.xib; sourceTree = "<group>"; };
		354D2D9220CD87F10098EBA7 /* MonthHeaderCollectionReusableView.swift */ = {isa = PBXFileReference; lastKnownFileType = sourcecode.swift; path = MonthHeaderCollectionReusableView.swift; sourceTree = "<group>"; };
		354D2D9320CD87F10098EBA7 /* MonthHeaderCollectionReusableView.xib */ = {isa = PBXFileReference; lastKnownFileType = file.xib; path = MonthHeaderCollectionReusableView.xib; sourceTree = "<group>"; };
		354D2D9620CDA99F0098EBA7 /* Extensions.swift */ = {isa = PBXFileReference; lastKnownFileType = sourcecode.swift; path = Extensions.swift; sourceTree = "<group>"; };
/* End PBXFileReference section */

/* Begin PBXFrameworksBuildPhase section */
		354D2D3F20CA56F20098EBA7 /* Frameworks */ = {
			isa = PBXFrameworksBuildPhase;
			buildActionMask = 2147483647;
			files = (
				354D2D7F20CA57B90098EBA7 /* ptcalendar.framework in Frameworks */,
			);
			runOnlyForDeploymentPostprocessing = 0;
		};
		354D2D5320CA56F40098EBA7 /* Frameworks */ = {
			isa = PBXFrameworksBuildPhase;
			buildActionMask = 2147483647;
			files = (
			);
			runOnlyForDeploymentPostprocessing = 0;
		};
		354D2D6620CA57B90098EBA7 /* Frameworks */ = {
			isa = PBXFrameworksBuildPhase;
			buildActionMask = 2147483647;
			files = (
			);
			runOnlyForDeploymentPostprocessing = 0;
		};
		354D2D6F20CA57B90098EBA7 /* Frameworks */ = {
			isa = PBXFrameworksBuildPhase;
			buildActionMask = 2147483647;
			files = (
				354D2D7320CA57B90098EBA7 /* ptcalendar.framework in Frameworks */,
			);
			runOnlyForDeploymentPostprocessing = 0;
		};
/* End PBXFrameworksBuildPhase section */

/* Begin PBXGroup section */
		354D2D3920CA56F20098EBA7 = {
			isa = PBXGroup;
			children = (
				354D2D4420CA56F20098EBA7 /* airbnbcalendar */,
				354D2D5920CA56F40098EBA7 /* airbnbcalendarTests */,
				354D2D6B20CA57B90098EBA7 /* ptcalendar */,
				354D2D7820CA57B90098EBA7 /* ptcalendarTests */,
				354D2D4320CA56F20098EBA7 /* Products */,
			);
			sourceTree = "<group>";
		};
		354D2D4320CA56F20098EBA7 /* Products */ = {
			isa = PBXGroup;
			children = (
				354D2D4220CA56F20098EBA7 /* airbnbcalendar.app */,
				354D2D5620CA56F40098EBA7 /* airbnbcalendarTests.xctest */,
				354D2D6A20CA57B90098EBA7 /* ptcalendar.framework */,
				354D2D7220CA57B90098EBA7 /* ptcalendarTests.xctest */,
			);
			name = Products;
			sourceTree = "<group>";
		};
		354D2D4420CA56F20098EBA7 /* airbnbcalendar */ = {
			isa = PBXGroup;
			children = (
				354D2D4520CA56F20098EBA7 /* AppDelegate.swift */,
				354D2D4720CA56F20098EBA7 /* ViewController.swift */,
				354D2D4920CA56F20098EBA7 /* Main.storyboard */,
				354D2D4C20CA56F40098EBA7 /* Assets.xcassets */,
				354D2D4E20CA56F40098EBA7 /* LaunchScreen.storyboard */,
				354D2D5120CA56F40098EBA7 /* Info.plist */,
			);
			path = airbnbcalendar;
			sourceTree = "<group>";
		};
		354D2D5920CA56F40098EBA7 /* airbnbcalendarTests */ = {
			isa = PBXGroup;
			children = (
				354D2D5A20CA56F40098EBA7 /* airbnbcalendarTests.swift */,
				354D2D5C20CA56F40098EBA7 /* Info.plist */,
			);
			path = airbnbcalendarTests;
			sourceTree = "<group>";
		};
		354D2D6B20CA57B90098EBA7 /* ptcalendar */ = {
			isa = PBXGroup;
			children = (
				354D2D6C20CA57B90098EBA7 /* ptcalendar.h */,
				354D2D8A20CA5AAE0098EBA7 /* CalendarView.swift */,
				354D2D9620CDA99F0098EBA7 /* Extensions.swift */,
				354D2D9220CD87F10098EBA7 /* MonthHeaderCollectionReusableView.swift */,
				354D2D9320CD87F10098EBA7 /* MonthHeaderCollectionReusableView.xib */,
				354D2D8E20CA6AA90098EBA7 /* CalendarDayCollectionViewCell.swift */,
				354D2D8F20CA6AA90098EBA7 /* CalendarDayCollectionViewCell.xib */,
				354D2D8C20CA5ABD0098EBA7 /* CalendarView.xib */,
				354D2D6D20CA57B90098EBA7 /* Info.plist */,
			);
			path = ptcalendar;
			sourceTree = "<group>";
		};
		354D2D7820CA57B90098EBA7 /* ptcalendarTests */ = {
			isa = PBXGroup;
			children = (
				354D2D7920CA57B90098EBA7 /* ptcalendarTests.swift */,
				354D2D7B20CA57B90098EBA7 /* Info.plist */,
			);
			path = ptcalendarTests;
			sourceTree = "<group>";
		};
/* End PBXGroup section */

/* Begin PBXHeadersBuildPhase section */
		354D2D6720CA57B90098EBA7 /* Headers */ = {
			isa = PBXHeadersBuildPhase;
			buildActionMask = 2147483647;
			files = (
				354D2D7C20CA57B90098EBA7 /* ptcalendar.h in Headers */,
			);
			runOnlyForDeploymentPostprocessing = 0;
		};
/* End PBXHeadersBuildPhase section */

/* Begin PBXNativeTarget section */
		354D2D4120CA56F20098EBA7 /* airbnbcalendar */ = {
			isa = PBXNativeTarget;
			buildConfigurationList = 354D2D5F20CA56F40098EBA7 /* Build configuration list for PBXNativeTarget "airbnbcalendar" */;
			buildPhases = (
				354D2D3E20CA56F20098EBA7 /* Sources */,
				354D2D3F20CA56F20098EBA7 /* Frameworks */,
				354D2D4020CA56F20098EBA7 /* Resources */,
				354D2D8420CA57B90098EBA7 /* Embed Frameworks */,
			);
			buildRules = (
			);
			dependencies = (
				354D2D7E20CA57B90098EBA7 /* PBXTargetDependency */,
			);
			name = airbnbcalendar;
			productName = airbnbcalendar;
			productReference = 354D2D4220CA56F20098EBA7 /* airbnbcalendar.app */;
			productType = "com.apple.product-type.application";
		};
		354D2D5520CA56F40098EBA7 /* airbnbcalendarTests */ = {
			isa = PBXNativeTarget;
			buildConfigurationList = 354D2D6220CA56F40098EBA7 /* Build configuration list for PBXNativeTarget "airbnbcalendarTests" */;
			buildPhases = (
				354D2D5220CA56F40098EBA7 /* Sources */,
				354D2D5320CA56F40098EBA7 /* Frameworks */,
				354D2D5420CA56F40098EBA7 /* Resources */,
			);
			buildRules = (
			);
			dependencies = (
				354D2D5820CA56F40098EBA7 /* PBXTargetDependency */,
			);
			name = airbnbcalendarTests;
			productName = airbnbcalendarTests;
			productReference = 354D2D5620CA56F40098EBA7 /* airbnbcalendarTests.xctest */;
			productType = "com.apple.product-type.bundle.unit-test";
		};
		354D2D6920CA57B90098EBA7 /* ptcalendar */ = {
			isa = PBXNativeTarget;
			buildConfigurationList = 354D2D8120CA57B90098EBA7 /* Build configuration list for PBXNativeTarget "ptcalendar" */;
			buildPhases = (
				354D2D6520CA57B90098EBA7 /* Sources */,
				354D2D6620CA57B90098EBA7 /* Frameworks */,
				354D2D6720CA57B90098EBA7 /* Headers */,
				354D2D6820CA57B90098EBA7 /* Resources */,
			);
			buildRules = (
			);
			dependencies = (
			);
			name = ptcalendar;
			productName = ptcalendar;
			productReference = 354D2D6A20CA57B90098EBA7 /* ptcalendar.framework */;
			productType = "com.apple.product-type.framework";
		};
		354D2D7120CA57B90098EBA7 /* ptcalendarTests */ = {
			isa = PBXNativeTarget;
			buildConfigurationList = 354D2D8520CA57B90098EBA7 /* Build configuration list for PBXNativeTarget "ptcalendarTests" */;
			buildPhases = (
				354D2D6E20CA57B90098EBA7 /* Sources */,
				354D2D6F20CA57B90098EBA7 /* Frameworks */,
				354D2D7020CA57B90098EBA7 /* Resources */,
			);
			buildRules = (
			);
			dependencies = (
				354D2D7520CA57B90098EBA7 /* PBXTargetDependency */,
				354D2D7720CA57B90098EBA7 /* PBXTargetDependency */,
			);
			name = ptcalendarTests;
			productName = ptcalendarTests;
			productReference = 354D2D7220CA57B90098EBA7 /* ptcalendarTests.xctest */;
			productType = "com.apple.product-type.bundle.unit-test";
		};
/* End PBXNativeTarget section */

/* Begin PBXProject section */
		354D2D3A20CA56F20098EBA7 /* Project object */ = {
			isa = PBXProject;
			attributes = {
				LastSwiftUpdateCheck = 0940;
				LastUpgradeCheck = 0940;
				ORGANIZATIONNAME = "Phoumano Thongsithavong";
				TargetAttributes = {
					354D2D4120CA56F20098EBA7 = {
						CreatedOnToolsVersion = 9.4;
					};
					354D2D5520CA56F40098EBA7 = {
						CreatedOnToolsVersion = 9.4;
						TestTargetID = 354D2D4120CA56F20098EBA7;
					};
					354D2D6920CA57B90098EBA7 = {
						CreatedOnToolsVersion = 9.4;
						LastSwiftMigration = 0940;
					};
					354D2D7120CA57B90098EBA7 = {
						CreatedOnToolsVersion = 9.4;
						TestTargetID = 354D2D4120CA56F20098EBA7;
					};
				};
			};
			buildConfigurationList = 354D2D3D20CA56F20098EBA7 /* Build configuration list for PBXProject "airbnbcalendar" */;
			compatibilityVersion = "Xcode 9.3";
			developmentRegion = en;
			hasScannedForEncodings = 0;
			knownRegions = (
				en,
				Base,
			);
			mainGroup = 354D2D3920CA56F20098EBA7;
			productRefGroup = 354D2D4320CA56F20098EBA7 /* Products */;
			projectDirPath = "";
			projectRoot = "";
			targets = (
				354D2D4120CA56F20098EBA7 /* airbnbcalendar */,
				354D2D5520CA56F40098EBA7 /* airbnbcalendarTests */,
				354D2D6920CA57B90098EBA7 /* ptcalendar */,
				354D2D7120CA57B90098EBA7 /* ptcalendarTests */,
			);
		};
/* End PBXProject section */

/* Begin PBXResourcesBuildPhase section */
		354D2D4020CA56F20098EBA7 /* Resources */ = {
			isa = PBXResourcesBuildPhase;
			buildActionMask = 2147483647;
			files = (
				354D2D5020CA56F40098EBA7 /* LaunchScreen.storyboard in Resources */,
				354D2D4D20CA56F40098EBA7 /* Assets.xcassets in Resources */,
				354D2D4B20CA56F20098EBA7 /* Main.storyboard in Resources */,
			);
			runOnlyForDeploymentPostprocessing = 0;
		};
		354D2D5420CA56F40098EBA7 /* Resources */ = {
			isa = PBXResourcesBuildPhase;
			buildActionMask = 2147483647;
			files = (
			);
			runOnlyForDeploymentPostprocessing = 0;
		};
		354D2D6820CA57B90098EBA7 /* Resources */ = {
			isa = PBXResourcesBuildPhase;
			buildActionMask = 2147483647;
			files = (
				354D2D8D20CA5ABD0098EBA7 /* CalendarView.xib in Resources */,
				354D2D9120CA6AA90098EBA7 /* CalendarDayCollectionViewCell.xib in Resources */,
				354D2D9520CD87F10098EBA7 /* MonthHeaderCollectionReusableView.xib in Resources */,
			);
			runOnlyForDeploymentPostprocessing = 0;
		};
		354D2D7020CA57B90098EBA7 /* Resources */ = {
			isa = PBXResourcesBuildPhase;
			buildActionMask = 2147483647;
			files = (
			);
			runOnlyForDeploymentPostprocessing = 0;
		};
/* End PBXResourcesBuildPhase section */

/* Begin PBXSourcesBuildPhase section */
		354D2D3E20CA56F20098EBA7 /* Sources */ = {
			isa = PBXSourcesBuildPhase;
			buildActionMask = 2147483647;
			files = (
				354D2D4820CA56F20098EBA7 /* ViewController.swift in Sources */,
				354D2D4620CA56F20098EBA7 /* AppDelegate.swift in Sources */,
			);
			runOnlyForDeploymentPostprocessing = 0;
		};
		354D2D5220CA56F40098EBA7 /* Sources */ = {
			isa = PBXSourcesBuildPhase;
			buildActionMask = 2147483647;
			files = (
				354D2D5B20CA56F40098EBA7 /* airbnbcalendarTests.swift in Sources */,
			);
			runOnlyForDeploymentPostprocessing = 0;
		};
		354D2D6520CA57B90098EBA7 /* Sources */ = {
			isa = PBXSourcesBuildPhase;
			buildActionMask = 2147483647;
			files = (
				354D2D9020CA6AA90098EBA7 /* CalendarDayCollectionViewCell.swift in Sources */,
				354D2D8B20CA5AAE0098EBA7 /* CalendarView.swift in Sources */,
				354D2D9420CD87F10098EBA7 /* MonthHeaderCollectionReusableView.swift in Sources */,
				354D2D9720CDA99F0098EBA7 /* Extensions.swift in Sources */,
			);
			runOnlyForDeploymentPostprocessing = 0;
		};
		354D2D6E20CA57B90098EBA7 /* Sources */ = {
			isa = PBXSourcesBuildPhase;
			buildActionMask = 2147483647;
			files = (
				354D2D7A20CA57B90098EBA7 /* ptcalendarTests.swift in Sources */,
			);
			runOnlyForDeploymentPostprocessing = 0;
		};
/* End PBXSourcesBuildPhase section */

/* Begin PBXTargetDependency section */
		354D2D5820CA56F40098EBA7 /* PBXTargetDependency */ = {
			isa = PBXTargetDependency;
			target = 354D2D4120CA56F20098EBA7 /* airbnbcalendar */;
			targetProxy = 354D2D5720CA56F40098EBA7 /* PBXContainerItemProxy */;
		};
		354D2D7520CA57B90098EBA7 /* PBXTargetDependency */ = {
			isa = PBXTargetDependency;
			target = 354D2D6920CA57B90098EBA7 /* ptcalendar */;
			targetProxy = 354D2D7420CA57B90098EBA7 /* PBXContainerItemProxy */;
		};
		354D2D7720CA57B90098EBA7 /* PBXTargetDependency */ = {
			isa = PBXTargetDependency;
			target = 354D2D4120CA56F20098EBA7 /* airbnbcalendar */;
			targetProxy = 354D2D7620CA57B90098EBA7 /* PBXContainerItemProxy */;
		};
		354D2D7E20CA57B90098EBA7 /* PBXTargetDependency */ = {
			isa = PBXTargetDependency;
			target = 354D2D6920CA57B90098EBA7 /* ptcalendar */;
			targetProxy = 354D2D7D20CA57B90098EBA7 /* PBXContainerItemProxy */;
		};
/* End PBXTargetDependency section */

/* Begin PBXVariantGroup section */
		354D2D4920CA56F20098EBA7 /* Main.storyboard */ = {
			isa = PBXVariantGroup;
			children = (
				354D2D4A20CA56F20098EBA7 /* Base */,
			);
			name = Main.storyboard;
			sourceTree = "<group>";
		};
		354D2D4E20CA56F40098EBA7 /* LaunchScreen.storyboard */ = {
			isa = PBXVariantGroup;
			children = (
				354D2D4F20CA56F40098EBA7 /* Base */,
			);
			name = LaunchScreen.storyboard;
			sourceTree = "<group>";
		};
/* End PBXVariantGroup section */

/* Begin XCBuildConfiguration section */
		354D2D5D20CA56F40098EBA7 /* Debug */ = {
			isa = XCBuildConfiguration;
			buildSettings = {
				ALWAYS_SEARCH_USER_PATHS = NO;
				CLANG_ANALYZER_NONNULL = YES;
				CLANG_ANALYZER_NUMBER_OBJECT_CONVERSION = YES_AGGRESSIVE;
				CLANG_CXX_LANGUAGE_STANDARD = "gnu++14";
				CLANG_CXX_LIBRARY = "libc++";
				CLANG_ENABLE_MODULES = YES;
				CLANG_ENABLE_OBJC_ARC = YES;
				CLANG_ENABLE_OBJC_WEAK = YES;
				CLANG_WARN_BLOCK_CAPTURE_AUTORELEASING = YES;
				CLANG_WARN_BOOL_CONVERSION = YES;
				CLANG_WARN_COMMA = YES;
				CLANG_WARN_CONSTANT_CONVERSION = YES;
				CLANG_WARN_DEPRECATED_OBJC_IMPLEMENTATIONS = YES;
				CLANG_WARN_DIRECT_OBJC_ISA_USAGE = YES_ERROR;
				CLANG_WARN_DOCUMENTATION_COMMENTS = YES;
				CLANG_WARN_EMPTY_BODY = YES;
				CLANG_WARN_ENUM_CONVERSION = YES;
				CLANG_WARN_INFINITE_RECURSION = YES;
				CLANG_WARN_INT_CONVERSION = YES;
				CLANG_WARN_NON_LITERAL_NULL_CONVERSION = YES;
				CLANG_WARN_OBJC_IMPLICIT_RETAIN_SELF = YES;
				CLANG_WARN_OBJC_LITERAL_CONVERSION = YES;
				CLANG_WARN_OBJC_ROOT_CLASS = YES_ERROR;
				CLANG_WARN_RANGE_LOOP_ANALYSIS = YES;
				CLANG_WARN_STRICT_PROTOTYPES = YES;
				CLANG_WARN_SUSPICIOUS_MOVE = YES;
				CLANG_WARN_UNGUARDED_AVAILABILITY = YES_AGGRESSIVE;
				CLANG_WARN_UNREACHABLE_CODE = YES;
				CLANG_WARN__DUPLICATE_METHOD_MATCH = YES;
				CODE_SIGN_IDENTITY = "iPhone Developer";
				COPY_PHASE_STRIP = NO;
				DEBUG_INFORMATION_FORMAT = dwarf;
				ENABLE_STRICT_OBJC_MSGSEND = YES;
				ENABLE_TESTABILITY = YES;
				GCC_C_LANGUAGE_STANDARD = gnu11;
				GCC_DYNAMIC_NO_PIC = NO;
				GCC_NO_COMMON_BLOCKS = YES;
				GCC_OPTIMIZATION_LEVEL = 0;
				GCC_PREPROCESSOR_DEFINITIONS = (
					"DEBUG=1",
					"$(inherited)",
				);
				GCC_WARN_64_TO_32_BIT_CONVERSION = YES;
				GCC_WARN_ABOUT_RETURN_TYPE = YES_ERROR;
				GCC_WARN_UNDECLARED_SELECTOR = YES;
				GCC_WARN_UNINITIALIZED_AUTOS = YES_AGGRESSIVE;
				GCC_WARN_UNUSED_FUNCTION = YES;
				GCC_WARN_UNUSED_VARIABLE = YES;
				IPHONEOS_DEPLOYMENT_TARGET = 11.4;
				MTL_ENABLE_DEBUG_INFO = YES;
				ONLY_ACTIVE_ARCH = YES;
				SDKROOT = iphoneos;
				SWIFT_ACTIVE_COMPILATION_CONDITIONS = DEBUG;
				SWIFT_OPTIMIZATION_LEVEL = "-Onone";
			};
			name = Debug;
		};
		354D2D5E20CA56F40098EBA7 /* Release */ = {
			isa = XCBuildConfiguration;
			buildSettings = {
				ALWAYS_SEARCH_USER_PATHS = NO;
				CLANG_ANALYZER_NONNULL = YES;
				CLANG_ANALYZER_NUMBER_OBJECT_CONVERSION = YES_AGGRESSIVE;
				CLANG_CXX_LANGUAGE_STANDARD = "gnu++14";
				CLANG_CXX_LIBRARY = "libc++";
				CLANG_ENABLE_MODULES = YES;
				CLANG_ENABLE_OBJC_ARC = YES;
				CLANG_ENABLE_OBJC_WEAK = YES;
				CLANG_WARN_BLOCK_CAPTURE_AUTORELEASING = YES;
				CLANG_WARN_BOOL_CONVERSION = YES;
				CLANG_WARN_COMMA = YES;
				CLANG_WARN_CONSTANT_CONVERSION = YES;
				CLANG_WARN_DEPRECATED_OBJC_IMPLEMENTATIONS = YES;
				CLANG_WARN_DIRECT_OBJC_ISA_USAGE = YES_ERROR;
				CLANG_WARN_DOCUMENTATION_COMMENTS = YES;
				CLANG_WARN_EMPTY_BODY = YES;
				CLANG_WARN_ENUM_CONVERSION = YES;
				CLANG_WARN_INFINITE_RECURSION = YES;
				CLANG_WARN_INT_CONVERSION = YES;
				CLANG_WARN_NON_LITERAL_NULL_CONVERSION = YES;
				CLANG_WARN_OBJC_IMPLICIT_RETAIN_SELF = YES;
				CLANG_WARN_OBJC_LITERAL_CONVERSION = YES;
				CLANG_WARN_OBJC_ROOT_CLASS = YES_ERROR;
				CLANG_WARN_RANGE_LOOP_ANALYSIS = YES;
				CLANG_WARN_STRICT_PROTOTYPES = YES;
				CLANG_WARN_SUSPICIOUS_MOVE = YES;
				CLANG_WARN_UNGUARDED_AVAILABILITY = YES_AGGRESSIVE;
				CLANG_WARN_UNREACHABLE_CODE = YES;
				CLANG_WARN__DUPLICATE_METHOD_MATCH = YES;
				CODE_SIGN_IDENTITY = "iPhone Developer";
				COPY_PHASE_STRIP = NO;
				DEBUG_INFORMATION_FORMAT = "dwarf-with-dsym";
				ENABLE_NS_ASSERTIONS = NO;
				ENABLE_STRICT_OBJC_MSGSEND = YES;
				GCC_C_LANGUAGE_STANDARD = gnu11;
				GCC_NO_COMMON_BLOCKS = YES;
				GCC_WARN_64_TO_32_BIT_CONVERSION = YES;
				GCC_WARN_ABOUT_RETURN_TYPE = YES_ERROR;
				GCC_WARN_UNDECLARED_SELECTOR = YES;
				GCC_WARN_UNINITIALIZED_AUTOS = YES_AGGRESSIVE;
				GCC_WARN_UNUSED_FUNCTION = YES;
				GCC_WARN_UNUSED_VARIABLE = YES;
				IPHONEOS_DEPLOYMENT_TARGET = 11.4;
				MTL_ENABLE_DEBUG_INFO = NO;
				SDKROOT = iphoneos;
				SWIFT_COMPILATION_MODE = wholemodule;
				SWIFT_OPTIMIZATION_LEVEL = "-O";
				VALIDATE_PRODUCT = YES;
			};
			name = Release;
		};
		354D2D6020CA56F40098EBA7 /* Debug */ = {
			isa = XCBuildConfiguration;
			buildSettings = {
				ALWAYS_EMBED_SWIFT_STANDARD_LIBRARIES = YES;
				ASSETCATALOG_COMPILER_APPICON_NAME = AppIcon;
				CODE_SIGN_STYLE = Automatic;
				DEVELOPMENT_TEAM = NRKD4B5BRK;
				INFOPLIST_FILE = airbnbcalendar/Info.plist;
				LD_RUNPATH_SEARCH_PATHS = (
					"$(inherited)",
					"@executable_path/Frameworks",
				);
				PRODUCT_BUNDLE_IDENTIFIER = com.phoumano.airbnbcalendar;
				PRODUCT_NAME = "$(TARGET_NAME)";
				SWIFT_VERSION = 4.0;
				TARGETED_DEVICE_FAMILY = "1,2";
			};
			name = Debug;
		};
		354D2D6120CA56F40098EBA7 /* Release */ = {
			isa = XCBuildConfiguration;
			buildSettings = {
				ALWAYS_EMBED_SWIFT_STANDARD_LIBRARIES = YES;
				ASSETCATALOG_COMPILER_APPICON_NAME = AppIcon;
				CODE_SIGN_STYLE = Automatic;
				DEVELOPMENT_TEAM = NRKD4B5BRK;
				INFOPLIST_FILE = airbnbcalendar/Info.plist;
				LD_RUNPATH_SEARCH_PATHS = (
					"$(inherited)",
					"@executable_path/Frameworks",
				);
				PRODUCT_BUNDLE_IDENTIFIER = com.phoumano.airbnbcalendar;
				PRODUCT_NAME = "$(TARGET_NAME)";
				SWIFT_VERSION = 4.0;
				TARGETED_DEVICE_FAMILY = "1,2";
			};
			name = Release;
		};
		354D2D6320CA56F40098EBA7 /* Debug */ = {
			isa = XCBuildConfiguration;
			buildSettings = {
				ALWAYS_EMBED_SWIFT_STANDARD_LIBRARIES = YES;
				BUNDLE_LOADER = "$(TEST_HOST)";
				CODE_SIGN_STYLE = Automatic;
				DEVELOPMENT_TEAM = NRKD4B5BRK;
				INFOPLIST_FILE = airbnbcalendarTests/Info.plist;
				LD_RUNPATH_SEARCH_PATHS = (
					"$(inherited)",
					"@executable_path/Frameworks",
					"@loader_path/Frameworks",
				);
				PRODUCT_BUNDLE_IDENTIFIER = com.phoumano.airbnbcalendarTests;
				PRODUCT_NAME = "$(TARGET_NAME)";
				SWIFT_VERSION = 4.0;
				TARGETED_DEVICE_FAMILY = "1,2";
				TEST_HOST = "$(BUILT_PRODUCTS_DIR)/airbnbcalendar.app/airbnbcalendar";
			};
			name = Debug;
		};
		354D2D6420CA56F40098EBA7 /* Release */ = {
			isa = XCBuildConfiguration;
			buildSettings = {
				ALWAYS_EMBED_SWIFT_STANDARD_LIBRARIES = YES;
				BUNDLE_LOADER = "$(TEST_HOST)";
				CODE_SIGN_STYLE = Automatic;
				DEVELOPMENT_TEAM = NRKD4B5BRK;
				INFOPLIST_FILE = airbnbcalendarTests/Info.plist;
				LD_RUNPATH_SEARCH_PATHS = (
					"$(inherited)",
					"@executable_path/Frameworks",
					"@loader_path/Frameworks",
				);
				PRODUCT_BUNDLE_IDENTIFIER = com.phoumano.airbnbcalendarTests;
				PRODUCT_NAME = "$(TARGET_NAME)";
				SWIFT_VERSION = 4.0;
				TARGETED_DEVICE_FAMILY = "1,2";
				TEST_HOST = "$(BUILT_PRODUCTS_DIR)/airbnbcalendar.app/airbnbcalendar";
			};
			name = Release;
		};
		354D2D8220CA57B90098EBA7 /* Debug */ = {
			isa = XCBuildConfiguration;
			buildSettings = {
				CLANG_ENABLE_MODULES = YES;
				CODE_SIGN_IDENTITY = "";
				CODE_SIGN_STYLE = Automatic;
				CURRENT_PROJECT_VERSION = 1;
				DEFINES_MODULE = YES;
				DEVELOPMENT_TEAM = NRKD4B5BRK;
				DYLIB_COMPATIBILITY_VERSION = 1;
				DYLIB_CURRENT_VERSION = 1;
				DYLIB_INSTALL_NAME_BASE = "@rpath";
				INFOPLIST_FILE = ptcalendar/Info.plist;
				INSTALL_PATH = "$(LOCAL_LIBRARY_DIR)/Frameworks";
				LD_RUNPATH_SEARCH_PATHS = (
					"$(inherited)",
					"@executable_path/Frameworks",
					"@loader_path/Frameworks",
				);
				PRODUCT_BUNDLE_IDENTIFIER = com.phoumano.ptcalendar;
				PRODUCT_NAME = "$(TARGET_NAME:c99extidentifier)";
				SKIP_INSTALL = YES;
				SWIFT_OPTIMIZATION_LEVEL = "-Onone";
				SWIFT_VERSION = 4.0;
				TARGETED_DEVICE_FAMILY = "1,2";
				VERSIONING_SYSTEM = "apple-generic";
				VERSION_INFO_PREFIX = "";
			};
			name = Debug;
		};
		354D2D8320CA57B90098EBA7 /* Release */ = {
			isa = XCBuildConfiguration;
			buildSettings = {
				CLANG_ENABLE_MODULES = YES;
				CODE_SIGN_IDENTITY = "";
				CODE_SIGN_STYLE = Automatic;
				CURRENT_PROJECT_VERSION = 1;
				DEFINES_MODULE = YES;
				DEVELOPMENT_TEAM = NRKD4B5BRK;
				DYLIB_COMPATIBILITY_VERSION = 1;
				DYLIB_CURRENT_VERSION = 1;
				DYLIB_INSTALL_NAME_BASE = "@rpath";
				INFOPLIST_FILE = ptcalendar/Info.plist;
				INSTALL_PATH = "$(LOCAL_LIBRARY_DIR)/Frameworks";
				LD_RUNPATH_SEARCH_PATHS = (
					"$(inherited)",
					"@executable_path/Frameworks",
					"@loader_path/Frameworks",
				);
				PRODUCT_BUNDLE_IDENTIFIER = com.phoumano.ptcalendar;
				PRODUCT_NAME = "$(TARGET_NAME:c99extidentifier)";
				SKIP_INSTALL = YES;
				SWIFT_VERSION = 4.0;
				TARGETED_DEVICE_FAMILY = "1,2";
				VERSIONING_SYSTEM = "apple-generic";
				VERSION_INFO_PREFIX = "";
			};
			name = Release;
		};
		354D2D8620CA57B90098EBA7 /* Debug */ = {
			isa = XCBuildConfiguration;
			buildSettings = {
				ALWAYS_EMBED_SWIFT_STANDARD_LIBRARIES = YES;
				CODE_SIGN_STYLE = Automatic;
				DEVELOPMENT_TEAM = NRKD4B5BRK;
				INFOPLIST_FILE = ptcalendarTests/Info.plist;
				LD_RUNPATH_SEARCH_PATHS = (
					"$(inherited)",
					"@executable_path/Frameworks",
					"@loader_path/Frameworks",
				);
				PRODUCT_BUNDLE_IDENTIFIER = com.phoumano.ptcalendarTests;
				PRODUCT_NAME = "$(TARGET_NAME)";
				SWIFT_VERSION = 4.0;
				TARGETED_DEVICE_FAMILY = "1,2";
				TEST_HOST = "$(BUILT_PRODUCTS_DIR)/airbnbcalendar.app/airbnbcalendar";
			};
			name = Debug;
		};
		354D2D8720CA57B90098EBA7 /* Release */ = {
			isa = XCBuildConfiguration;
			buildSettings = {
				ALWAYS_EMBED_SWIFT_STANDARD_LIBRARIES = YES;
				CODE_SIGN_STYLE = Automatic;
				DEVELOPMENT_TEAM = NRKD4B5BRK;
				INFOPLIST_FILE = ptcalendarTests/Info.plist;
				LD_RUNPATH_SEARCH_PATHS = (
					"$(inherited)",
					"@executable_path/Frameworks",
					"@loader_path/Frameworks",
				);
				PRODUCT_BUNDLE_IDENTIFIER = com.phoumano.ptcalendarTests;
				PRODUCT_NAME = "$(TARGET_NAME)";
				SWIFT_VERSION = 4.0;
				TARGETED_DEVICE_FAMILY = "1,2";
				TEST_HOST = "$(BUILT_PRODUCTS_DIR)/airbnbcalendar.app/airbnbcalendar";
			};
			name = Release;
		};
/* End XCBuildConfiguration section */

/* Begin XCConfigurationList section */
		354D2D3D20CA56F20098EBA7 /* Build configuration list for PBXProject "airbnbcalendar" */ = {
			isa = XCConfigurationList;
			buildConfigurations = (
				354D2D5D20CA56F40098EBA7 /* Debug */,
				354D2D5E20CA56F40098EBA7 /* Release */,
			);
			defaultConfigurationIsVisible = 0;
			defaultConfigurationName = Release;
		};
		354D2D5F20CA56F40098EBA7 /* Build configuration list for PBXNativeTarget "airbnbcalendar" */ = {
			isa = XCConfigurationList;
			buildConfigurations = (
				354D2D6020CA56F40098EBA7 /* Debug */,
				354D2D6120CA56F40098EBA7 /* Release */,
			);
			defaultConfigurationIsVisible = 0;
			defaultConfigurationName = Release;
		};
		354D2D6220CA56F40098EBA7 /* Build configuration list for PBXNativeTarget "airbnbcalendarTests" */ = {
			isa = XCConfigurationList;
			buildConfigurations = (
				354D2D6320CA56F40098EBA7 /* Debug */,
				354D2D6420CA56F40098EBA7 /* Release */,
			);
			defaultConfigurationIsVisible = 0;
			defaultConfigurationName = Release;
		};
		354D2D8120CA57B90098EBA7 /* Build configuration list for PBXNativeTarget "ptcalendar" */ = {
			isa = XCConfigurationList;
			buildConfigurations = (
				354D2D8220CA57B90098EBA7 /* Debug */,
				354D2D8320CA57B90098EBA7 /* Release */,
			);
			defaultConfigurationIsVisible = 0;
			defaultConfigurationName = Release;
		};
		354D2D8520CA57B90098EBA7 /* Build configuration list for PBXNativeTarget "ptcalendarTests" */ = {
			isa = XCConfigurationList;
			buildConfigurations = (
				354D2D8620CA57B90098EBA7 /* Debug */,
				354D2D8720CA57B90098EBA7 /* Release */,
			);
			defaultConfigurationIsVisible = 0;
			defaultConfigurationName = Release;
		};
/* End XCConfigurationList section */
	};
	rootObject = 354D2D3A20CA56F20098EBA7 /* Project object */;
}
