PODS:
  - AutoEquatable (2.1)
  - KIF (3.7.3):
    - KIF/Core (= 3.7.3)
  - KIF/Core (3.7.3)
  - KIF/IdentifierTests (3.7.3):
    - KIF/Core
  - Nimble (7.1.1)
  - Quick (1.3.0)
  - Spry (3.2.3)
  - "Spry+Nimble (3.2.3)":
    - Nimble (> 7.0.0)
    - Spry (= 3.2.3)

DEPENDENCIES:
  - AutoEquatable
  - KIF
  - KIF/IdentifierTests
  - Nimble
  - Quick
  - "Spry+Nimble"

SPEC REPOS:
  https://github.com/CocoaPods/Specs.git:
    - AutoEquatable
    - KIF
    - Nimble
    - Quick
    - Spry
    - "Spry+Nimble"

SPEC CHECKSUMS:
  AutoEquatable: d48cca2595b98f8047f43444fb0f6ed56cc2ae72
  KIF: 4c23b5d24dba24d3cb6dbb9c7d325b31e526ba4a
  Nimble: 391f07782af4b37914f9bd7b2ffbb952731b8202
  Quick: 03278013f71aa05fe9ecabc94fbcc6835f1ee76f
  Spry: 216a7f6566e6c7a0392f3f4b4e804e71d58e1835
  "Spry+Nimble": 65b76e7d2dbe2d9166109ff44d8eea44a0bea94e

PODFILE CHECKSUM: d7f16bf2752c413b0e3fa51d34d50b4bf433a0a6

COCOAPODS: 1.5.0
